// !$*UTF8*$!
{
	archiveVersion = 1;
	classes = {
	};
	objectVersion = 50;
	objects = {

/* Begin PBXBuildFile section */
		1A49FECF20AECDED001ECE7F /* AppDelegate.swift in Sources */ = {isa = PBXBuildFile; fileRef = 1A49FECE20AECDED001ECE7F /* AppDelegate.swift */; };
		1A49FED120AECDED001ECE7F /* ViewController.swift in Sources */ = {isa = PBXBuildFile; fileRef = 1A49FED020AECDED001ECE7F /* ViewController.swift */; };
		1A49FED420AECDED001ECE7F /* Main.storyboard in Resources */ = {isa = PBXBuildFile; fileRef = 1A49FED220AECDED001ECE7F /* Main.storyboard */; };
		1A49FED720AECDED001ECE7F /* SendSmsDemo.xcdatamodeld in Sources */ = {isa = PBXBuildFile; fileRef = 1A49FED520AECDED001ECE7F /* SendSmsDemo.xcdatamodeld */; };
		1A49FED920AECDEE001ECE7F /* Assets.xcassets in Resources */ = {isa = PBXBuildFile; fileRef = 1A49FED820AECDEE001ECE7F /* Assets.xcassets */; };
		1A49FEDC20AECDEE001ECE7F /* LaunchScreen.storyboard in Resources */ = {isa = PBXBuildFile; fileRef = 1A49FEDA20AECDEE001ECE7F /* LaunchScreen.storyboard */; };
		1A49FEE720AECDEE001ECE7F /* SendSmsDemoTests.swift in Sources */ = {isa = PBXBuildFile; fileRef = 1A49FEE620AECDEE001ECE7F /* SendSmsDemoTests.swift */; };
		1A49FEF220AECDEE001ECE7F /* SendSmsDemoUITests.swift in Sources */ = {isa = PBXBuildFile; fileRef = 1A49FEF120AECDEE001ECE7F /* SendSmsDemoUITests.swift */; };
		1A49FF0020AEF403001ECE7F /* Current Location.loc.vcf in Resources */ = {isa = PBXBuildFile; fileRef = 1A49FEFF20AEF403001ECE7F /* Current Location.loc.vcf */; };
/* End PBXBuildFile section */

/* Begin PBXContainerItemProxy section */
		1A49FEE320AECDEE001ECE7F /* PBXContainerItemProxy */ = {
			isa = PBXContainerItemProxy;
			containerPortal = 1A49FEC320AECDED001ECE7F /* Project object */;
			proxyType = 1;
			remoteGlobalIDString = 1A49FECA20AECDED001ECE7F;
			remoteInfo = SendSmsDemo;
		};
		1A49FEEE20AECDEE001ECE7F /* PBXContainerItemProxy */ = {
			isa = PBXContainerItemProxy;
			containerPortal = 1A49FEC320AECDED001ECE7F /* Project object */;
			proxyType = 1;
			remoteGlobalIDString = 1A49FECA20AECDED001ECE7F;
			remoteInfo = SendSmsDemo;
		};
/* End PBXContainerItemProxy section */

/* Begin PBXFileReference section */
		1A49FECB20AECDED001ECE7F /* SendSmsDemo.app */ = {isa = PBXFileReference; explicitFileType = wrapper.application; includeInIndex = 0; path = SendSmsDemo.app; sourceTree = BUILT_PRODUCTS_DIR; };
		1A49FECE20AECDED001ECE7F /* AppDelegate.swift */ = {isa = PBXFileReference; lastKnownFileType = sourcecode.swift; path = AppDelegate.swift; sourceTree = "<group>"; };
		1A49FED020AECDED001ECE7F /* ViewController.swift */ = {isa = PBXFileReference; lastKnownFileType = sourcecode.swift; path = ViewController.swift; sourceTree = "<group>"; };
		1A49FED320AECDED001ECE7F /* Base */ = {isa = PBXFileReference; lastKnownFileType = file.storyboard; name = Base; path = Base.lproj/Main.storyboard; sourceTree = "<group>"; };
		1A49FED620AECDED001ECE7F /* SendSmsDemo.xcdatamodel */ = {isa = PBXFileReference; lastKnownFileType = wrapper.xcdatamodel; path = SendSmsDemo.xcdatamodel; sourceTree = "<group>"; };
		1A49FED820AECDEE001ECE7F /* Assets.xcassets */ = {isa = PBXFileReference; lastKnownFileType = folder.assetcatalog; path = Assets.xcassets; sourceTree = "<group>"; };
		1A49FEDB20AECDEE001ECE7F /* Base */ = {isa = PBXFileReference; lastKnownFileType = file.storyboard; name = Base; path = Base.lproj/LaunchScreen.storyboard; sourceTree = "<group>"; };
		1A49FEDD20AECDEE001ECE7F /* Info.plist */ = {isa = PBXFileReference; lastKnownFileType = text.plist.xml; path = Info.plist; sourceTree = "<group>"; };
		1A49FEE220AECDEE001ECE7F /* SendSmsDemoTests.xctest */ = {isa = PBXFileReference; explicitFileType = wrapper.cfbundle; includeInIndex = 0; path = SendSmsDemoTests.xctest; sourceTree = BUILT_PRODUCTS_DIR; };
		1A49FEE620AECDEE001ECE7F /* SendSmsDemoTests.swift */ = {isa = PBXFileReference; lastKnownFileType = sourcecode.swift; path = SendSmsDemoTests.swift; sourceTree = "<group>"; };
		1A49FEE820AECDEE001ECE7F /* Info.plist */ = {isa = PBXFileReference; lastKnownFileType = text.plist.xml; path = Info.plist; sourceTree = "<group>"; };
		1A49FEED20AECDEE001ECE7F /* SendSmsDemoUITests.xctest */ = {isa = PBXFileReference; explicitFileType = wrapper.cfbundle; includeInIndex = 0; path = SendSmsDemoUITests.xctest; sourceTree = BUILT_PRODUCTS_DIR; };
		1A49FEF120AECDEE001ECE7F /* SendSmsDemoUITests.swift */ = {isa = PBXFileReference; lastKnownFileType = sourcecode.swift; path = SendSmsDemoUITests.swift; sourceTree = "<group>"; };
		1A49FEF320AECDEE001ECE7F /* Info.plist */ = {isa = PBXFileReference; lastKnownFileType = text.plist.xml; path = Info.plist; sourceTree = "<group>"; };
		1A49FEFF20AEF403001ECE7F /* Current Location.loc.vcf */ = {isa = PBXFileReference; fileEncoding = 4; lastKnownFileType = text; path = "Current Location.loc.vcf"; sourceTree = "<group>"; };
/* End PBXFileReference section */

/* Begin PBXFrameworksBuildPhase section */
		1A49FEC820AECDED001ECE7F /* Frameworks */ = {
			isa = PBXFrameworksBuildPhase;
			buildActionMask = 2147483647;
			files = (
			);
			runOnlyForDeploymentPostprocessing = 0;
		};
		1A49FEDF20AECDEE001ECE7F /* Frameworks */ = {
			isa = PBXFrameworksBuildPhase;
			buildActionMask = 2147483647;
			files = (
			);
			runOnlyForDeploymentPostprocessing = 0;
		};
		1A49FEEA20AECDEE001ECE7F /* Frameworks */ = {
			isa = PBXFrameworksBuildPhase;
			buildActionMask = 2147483647;
			files = (
			);
			runOnlyForDeploymentPostprocessing = 0;
		};
/* End PBXFrameworksBuildPhase section */

/* Begin PBXGroup section */
		1A49FEC220AECDED001ECE7F = {
			isa = PBXGroup;
			children = (
				1A49FECD20AECDED001ECE7F /* SendSmsDemo */,
				1A49FEE520AECDEE001ECE7F /* SendSmsDemoTests */,
				1A49FEF020AECDEE001ECE7F /* SendSmsDemoUITests */,
				1A49FECC20AECDED001ECE7F /* Products */,
			);
			sourceTree = "<group>";
		};
		1A49FECC20AECDED001ECE7F /* Products */ = {
			isa = PBXGroup;
			children = (
				1A49FECB20AECDED001ECE7F /* SendSmsDemo.app */,
				1A49FEE220AECDEE001ECE7F /* SendSmsDemoTests.xctest */,
				1A49FEED20AECDEE001ECE7F /* SendSmsDemoUITests.xctest */,
			);
			name = Products;
			sourceTree = "<group>";
		};
		1A49FECD20AECDED001ECE7F /* SendSmsDemo */ = {
			isa = PBXGroup;
			children = (
				1A49FECE20AECDED001ECE7F /* AppDelegate.swift */,
				1A49FED020AECDED001ECE7F /* ViewController.swift */,
				1A49FEFF20AEF403001ECE7F /* Current Location.loc.vcf */,
				1A49FED220AECDED001ECE7F /* Main.storyboard */,
				1A49FED820AECDEE001ECE7F /* Assets.xcassets */,
				1A49FEDA20AECDEE001ECE7F /* LaunchScreen.storyboard */,
				1A49FEDD20AECDEE001ECE7F /* Info.plist */,
				1A49FED520AECDED001ECE7F /* SendSmsDemo.xcdatamodeld */,
			);
			path = SendSmsDemo;
			sourceTree = "<group>";
		};
		1A49FEE520AECDEE001ECE7F /* SendSmsDemoTests */ = {
			isa = PBXGroup;
			children = (
				1A49FEE620AECDEE001ECE7F /* SendSmsDemoTests.swift */,
				1A49FEE820AECDEE001ECE7F /* Info.plist */,
			);
			path = SendSmsDemoTests;
			sourceTree = "<group>";
		};
		1A49FEF020AECDEE001ECE7F /* SendSmsDemoUITests */ = {
			isa = PBXGroup;
			children = (
				1A49FEF120AECDEE001ECE7F /* SendSmsDemoUITests.swift */,
				1A49FEF320AECDEE001ECE7F /* Info.plist */,
			);
			path = SendSmsDemoUITests;
			sourceTree = "<group>";
		};
/* End PBXGroup section */

/* Begin PBXNativeTarget section */
		1A49FECA20AECDED001ECE7F /* SendSmsDemo */ = {
			isa = PBXNativeTarget;
			buildConfigurationList = 1A49FEF620AECDEE001ECE7F /* Build configuration list for PBXNativeTarget "SendSmsDemo" */;
			buildPhases = (
				1A49FEC720AECDED001ECE7F /* Sources */,
				1A49FEC820AECDED001ECE7F /* Frameworks */,
				1A49FEC920AECDED001ECE7F /* Resources */,
			);
			buildRules = (
			);
			dependencies = (
			);
			name = SendSmsDemo;
			productName = SendSmsDemo;
			productReference = 1A49FECB20AECDED001ECE7F /* SendSmsDemo.app */;
			productType = "com.apple.product-type.application";
		};
		1A49FEE120AECDEE001ECE7F /* SendSmsDemoTests */ = {
			isa = PBXNativeTarget;
			buildConfigurationList = 1A49FEF920AECDEE001ECE7F /* Build configuration list for PBXNativeTarget "SendSmsDemoTests" */;
			buildPhases = (
				1A49FEDE20AECDEE001ECE7F /* Sources */,
				1A49FEDF20AECDEE001ECE7F /* Frameworks */,
				1A49FEE020AECDEE001ECE7F /* Resources */,
			);
			buildRules = (
			);
			dependencies = (
				1A49FEE420AECDEE001ECE7F /* PBXTargetDependency */,
			);
			name = SendSmsDemoTests;
			productName = SendSmsDemoTests;
			productReference = 1A49FEE220AECDEE001ECE7F /* SendSmsDemoTests.xctest */;
			productType = "com.apple.product-type.bundle.unit-test";
		};
		1A49FEEC20AECDEE001ECE7F /* SendSmsDemoUITests */ = {
			isa = PBXNativeTarget;
			buildConfigurationList = 1A49FEFC20AECDEE001ECE7F /* Build configuration list for PBXNativeTarget "SendSmsDemoUITests" */;
			buildPhases = (
				1A49FEE920AECDEE001ECE7F /* Sources */,
				1A49FEEA20AECDEE001ECE7F /* Frameworks */,
				1A49FEEB20AECDEE001ECE7F /* Resources */,
			);
			buildRules = (
			);
			dependencies = (
				1A49FEEF20AECDEE001ECE7F /* PBXTargetDependency */,
			);
			name = SendSmsDemoUITests;
			productName = SendSmsDemoUITests;
			productReference = 1A49FEED20AECDEE001ECE7F /* SendSmsDemoUITests.xctest */;
			productType = "com.apple.product-type.bundle.ui-testing";
		};
/* End PBXNativeTarget section */

/* Begin PBXProject section */
		1A49FEC320AECDED001ECE7F /* Project object */ = {
			isa = PBXProject;
			attributes = {
				LastSwiftUpdateCheck = 0930;
				LastUpgradeCheck = 0930;
				ORGANIZATIONNAME = Inkswipe;
				TargetAttributes = {
					1A49FECA20AECDED001ECE7F = {
						CreatedOnToolsVersion = 9.3;
					};
					1A49FEE120AECDEE001ECE7F = {
						CreatedOnToolsVersion = 9.3;
						TestTargetID = 1A49FECA20AECDED001ECE7F;
					};
					1A49FEEC20AECDEE001ECE7F = {
						CreatedOnToolsVersion = 9.3;
						TestTargetID = 1A49FECA20AECDED001ECE7F;
					};
				};
			};
			buildConfigurationList = 1A49FEC620AECDED001ECE7F /* Build configuration list for PBXProject "SendSmsDemo" */;
			compatibilityVersion = "Xcode 9.3";
			developmentRegion = en;
			hasScannedForEncodings = 0;
			knownRegions = (
				en,
				Base,
			);
			mainGroup = 1A49FEC220AECDED001ECE7F;
			productRefGroup = 1A49FECC20AECDED001ECE7F /* Products */;
			projectDirPath = "";
			projectRoot = "";
			targets = (
				1A49FECA20AECDED001ECE7F /* SendSmsDemo */,
				1A49FEE120AECDEE001ECE7F /* SendSmsDemoTests */,
				1A49FEEC20AECDEE001ECE7F /* SendSmsDemoUITests */,
			);
		};
/* End PBXProject section */

/* Begin PBXResourcesBuildPhase section */
		1A49FEC920AECDED001ECE7F /* Resources */ = {
			isa = PBXResourcesBuildPhase;
			buildActionMask = 2147483647;
			files = (
				1A49FEDC20AECDEE001ECE7F /* LaunchScreen.storyboard in Resources */,
				1A49FF0020AEF403001ECE7F /* Current Location.loc.vcf in Resources */,
				1A49FED920AECDEE001ECE7F /* Assets.xcassets in Resources */,
				1A49FED420AECDED001ECE7F /* Main.storyboard in Resources */,
			);
			runOnlyForDeploymentPostprocessing = 0;
		};
		1A49FEE020AECDEE001ECE7F /* Resources */ = {
			isa = PBXResourcesBuildPhase;
			buildActionMask = 2147483647;
			files = (
			);
			runOnlyForDeploymentPostprocessing = 0;
		};
		1A49FEEB20AECDEE001ECE7F /* Resources */ = {
			isa = PBXResourcesBuildPhase;
			buildActionMask = 2147483647;
			files = (
			);
			runOnlyForDeploymentPostprocessing = 0;
		};
/* End PBXResourcesBuildPhase section */

/* Begin PBXSourcesBuildPhase section */
		1A49FEC720AECDED001ECE7F /* Sources */ = {
			isa = PBXSourcesBuildPhase;
			buildActionMask = 2147483647;
			files = (
				1A49FED120AECDED001ECE7F /* ViewController.swift in Sources */,
				1A49FECF20AECDED001ECE7F /* AppDelegate.swift in Sources */,
				1A49FED720AECDED001ECE7F /* SendSmsDemo.xcdatamodeld in Sources */,
			);
			runOnlyForDeploymentPostprocessing = 0;
		};
		1A49FEDE20AECDEE001ECE7F /* Sources */ = {
			isa = PBXSourcesBuildPhase;
			buildActionMask = 2147483647;
			files = (
				1A49FEE720AECDEE001ECE7F /* SendSmsDemoTests.swift in Sources */,
			);
			runOnlyForDeploymentPostprocessing = 0;
		};
		1A49FEE920AECDEE001ECE7F /* Sources */ = {
			isa = PBXSourcesBuildPhase;
			buildActionMask = 2147483647;
			files = (
				1A49FEF220AECDEE001ECE7F /* SendSmsDemoUITests.swift in Sources */,
			);
			runOnlyForDeploymentPostprocessing = 0;
		};
/* End PBXSourcesBuildPhase section */

/* Begin PBXTargetDependency section */
		1A49FEE420AECDEE001ECE7F /* PBXTargetDependency */ = {
			isa = PBXTargetDependency;
			target = 1A49FECA20AECDED001ECE7F /* SendSmsDemo */;
			targetProxy = 1A49FEE320AECDEE001ECE7F /* PBXContainerItemProxy */;
		};
		1A49FEEF20AECDEE001ECE7F /* PBXTargetDependency */ = {
			isa = PBXTargetDependency;
			target = 1A49FECA20AECDED001ECE7F /* SendSmsDemo */;
			targetProxy = 1A49FEEE20AECDEE001ECE7F /* PBXContainerItemProxy */;
		};
/* End PBXTargetDependency section */

/* Begin PBXVariantGroup section */
		1A49FED220AECDED001ECE7F /* Main.storyboard */ = {
			isa = PBXVariantGroup;
			children = (
				1A49FED320AECDED001ECE7F /* Base */,
			);
			name = Main.storyboard;
			sourceTree = "<group>";
		};
		1A49FEDA20AECDEE001ECE7F /* LaunchScreen.storyboard */ = {
			isa = PBXVariantGroup;
			children = (
				1A49FEDB20AECDEE001ECE7F /* Base */,
			);
			name = LaunchScreen.storyboard;
			sourceTree = "<group>";
		};
/* End PBXVariantGroup section */

/* Begin XCBuildConfiguration section */
		1A49FEF420AECDEE001ECE7F /* Debug */ = {
			isa = XCBuildConfiguration;
			buildSettings = {
				ALWAYS_SEARCH_USER_PATHS = NO;
				CLANG_ANALYZER_NONNULL = YES;
				CLANG_ANALYZER_NUMBER_OBJECT_CONVERSION = YES_AGGRESSIVE;
				CLANG_CXX_LANGUAGE_STANDARD = "gnu++14";
				CLANG_CXX_LIBRARY = "libc++";
				CLANG_ENABLE_MODULES = YES;
				CLANG_ENABLE_OBJC_ARC = YES;
				CLANG_ENABLE_OBJC_WEAK = YES;
				CLANG_WARN_BLOCK_CAPTURE_AUTORELEASING = YES;
				CLANG_WARN_BOOL_CONVERSION = YES;
				CLANG_WARN_COMMA = YES;
				CLANG_WARN_CONSTANT_CONVERSION = YES;
				CLANG_WARN_DEPRECATED_OBJC_IMPLEMENTATIONS = YES;
				CLANG_WARN_DIRECT_OBJC_ISA_USAGE = YES_ERROR;
				CLANG_WARN_DOCUMENTATION_COMMENTS = YES;
				CLANG_WARN_EMPTY_BODY = YES;
				CLANG_WARN_ENUM_CONVERSION = YES;
				CLANG_WARN_INFINITE_RECURSION = YES;
				CLANG_WARN_INT_CONVERSION = YES;
				CLANG_WARN_NON_LITERAL_NULL_CONVERSION = YES;
				CLANG_WARN_OBJC_IMPLICIT_RETAIN_SELF = YES;
				CLANG_WARN_OBJC_LITERAL_CONVERSION = YES;
				CLANG_WARN_OBJC_ROOT_CLASS = YES_ERROR;
				CLANG_WARN_RANGE_LOOP_ANALYSIS = YES;
				CLANG_WARN_STRICT_PROTOTYPES = YES;
				CLANG_WARN_SUSPICIOUS_MOVE = YES;
				CLANG_WARN_UNGUARDED_AVAILABILITY = YES_AGGRESSIVE;
				CLANG_WARN_UNREACHABLE_CODE = YES;
				CLANG_WARN__DUPLICATE_METHOD_MATCH = YES;
				CODE_SIGN_IDENTITY = "iPhone Developer";
				COPY_PHASE_STRIP = NO;
				DEBUG_INFORMATION_FORMAT = dwarf;
				ENABLE_STRICT_OBJC_MSGSEND = YES;
				ENABLE_TESTABILITY = YES;
				GCC_C_LANGUAGE_STANDARD = gnu11;
				GCC_DYNAMIC_NO_PIC = NO;
				GCC_NO_COMMON_BLOCKS = YES;
				GCC_OPTIMIZATION_LEVEL = 0;
				GCC_PREPROCESSOR_DEFINITIONS = (
					"DEBUG=1",
					"$(inherited)",
				);
				GCC_WARN_64_TO_32_BIT_CONVERSION = YES;
				GCC_WARN_ABOUT_RETURN_TYPE = YES_ERROR;
				GCC_WARN_UNDECLARED_SELECTOR = YES;
				GCC_WARN_UNINITIALIZED_AUTOS = YES_AGGRESSIVE;
				GCC_WARN_UNUSED_FUNCTION = YES;
				GCC_WARN_UNUSED_VARIABLE = YES;
				IPHONEOS_DEPLOYMENT_TARGET = 11.3;
				MTL_ENABLE_DEBUG_INFO = YES;
				ONLY_ACTIVE_ARCH = YES;
				SDKROOT = iphoneos;
				SWIFT_ACTIVE_COMPILATION_CONDITIONS = DEBUG;
				SWIFT_OPTIMIZATION_LEVEL = "-Onone";
			};
			name = Debug;
		};
		1A49FEF520AECDEE001ECE7F /* Release */ = {
			isa = XCBuildConfiguration;
			buildSettings = {
				ALWAYS_SEARCH_USER_PATHS = NO;
				CLANG_ANALYZER_NONNULL = YES;
				CLANG_ANALYZER_NUMBER_OBJECT_CONVERSION = YES_AGGRESSIVE;
				CLANG_CXX_LANGUAGE_STANDARD = "gnu++14";
				CLANG_CXX_LIBRARY = "libc++";
				CLANG_ENABLE_MODULES = YES;
				CLANG_ENABLE_OBJC_ARC = YES;
				CLANG_ENABLE_OBJC_WEAK = YES;
				CLANG_WARN_BLOCK_CAPTURE_AUTORELEASING = YES;
				CLANG_WARN_BOOL_CONVERSION = YES;
				CLANG_WARN_COMMA = YES;
				CLANG_WARN_CONSTANT_CONVERSION = YES;
				CLANG_WARN_DEPRECATED_OBJC_IMPLEMENTATIONS = YES;
				CLANG_WARN_DIRECT_OBJC_ISA_USAGE = YES_ERROR;
				CLANG_WARN_DOCUMENTATION_COMMENTS = YES;
				CLANG_WARN_EMPTY_BODY = YES;
				CLANG_WARN_ENUM_CONVERSION = YES;
				CLANG_WARN_INFINITE_RECURSION = YES;
				CLANG_WARN_INT_CONVERSION = YES;
				CLANG_WARN_NON_LITERAL_NULL_CONVERSION = YES;
				CLANG_WARN_OBJC_IMPLICIT_RETAIN_SELF = YES;
				CLANG_WARN_OBJC_LITERAL_CONVERSION = YES;
				CLANG_WARN_OBJC_ROOT_CLASS = YES_ERROR;
				CLANG_WARN_RANGE_LOOP_ANALYSIS = YES;
				CLANG_WARN_STRICT_PROTOTYPES = YES;
				CLANG_WARN_SUSPICIOUS_MOVE = YES;
				CLANG_WARN_UNGUARDED_AVAILABILITY = YES_AGGRESSIVE;
				CLANG_WARN_UNREACHABLE_CODE = YES;
				CLANG_WARN__DUPLICATE_METHOD_MATCH = YES;
				CODE_SIGN_IDENTITY = "iPhone Developer";
				COPY_PHASE_STRIP = NO;
				DEBUG_INFORMATION_FORMAT = "dwarf-with-dsym";
				ENABLE_NS_ASSERTIONS = NO;
				ENABLE_STRICT_OBJC_MSGSEND = YES;
				GCC_C_LANGUAGE_STANDARD = gnu11;
				GCC_NO_COMMON_BLOCKS = YES;
				GCC_WARN_64_TO_32_BIT_CONVERSION = YES;
				GCC_WARN_ABOUT_RETURN_TYPE = YES_ERROR;
				GCC_WARN_UNDECLARED_SELECTOR = YES;
				GCC_WARN_UNINITIALIZED_AUTOS = YES_AGGRESSIVE;
				GCC_WARN_UNUSED_FUNCTION = YES;
				GCC_WARN_UNUSED_VARIABLE = YES;
				IPHONEOS_DEPLOYMENT_TARGET = 11.3;
				MTL_ENABLE_DEBUG_INFO = NO;
				SDKROOT = iphoneos;
				SWIFT_COMPILATION_MODE = wholemodule;
				SWIFT_OPTIMIZATION_LEVEL = "-O";
				VALIDATE_PRODUCT = YES;
			};
			name = Release;
		};
		1A49FEF720AECDEE001ECE7F /* Debug */ = {
			isa = XCBuildConfiguration;
			buildSettings = {
				ASSETCATALOG_COMPILER_APPICON_NAME = AppIcon;
				CODE_SIGN_STYLE = Automatic;
				DEVELOPMENT_TEAM = UMUY72KH99;
				INFOPLIST_FILE = SendSmsDemo/Info.plist;
				LD_RUNPATH_SEARCH_PATHS = (
					"$(inherited)",
					"@executable_path/Frameworks",
				);
				PRODUCT_BUNDLE_IDENTIFIER = www.inkswipe.com.SendSmsDemo;
				PRODUCT_NAME = "$(TARGET_NAME)";
				SWIFT_VERSION = 4.0;
				TARGETED_DEVICE_FAMILY = "1,2";
			};
			name = Debug;
		};
		1A49FEF820AECDEE001ECE7F /* Release */ = {
			isa = XCBuildConfiguration;
			buildSettings = {
				ASSETCATALOG_COMPILER_APPICON_NAME = AppIcon;
				CODE_SIGN_STYLE = Automatic;
				DEVELOPMENT_TEAM = UMUY72KH99;
				INFOPLIST_FILE = SendSmsDemo/Info.plist;
				LD_RUNPATH_SEARCH_PATHS = (
					"$(inherited)",
					"@executable_path/Frameworks",
				);
				PRODUCT_BUNDLE_IDENTIFIER = www.inkswipe.com.SendSmsDemo;
				PRODUCT_NAME = "$(TARGET_NAME)";
				SWIFT_VERSION = 4.0;
				TARGETED_DEVICE_FAMILY = "1,2";
			};
			name = Release;
		};
		1A49FEFA20AECDEE001ECE7F /* Debug */ = {
			isa = XCBuildConfiguration;
			buildSettings = {
				ALWAYS_EMBED_SWIFT_STANDARD_LIBRARIES = YES;
				BUNDLE_LOADER = "$(TEST_HOST)";
				CODE_SIGN_STYLE = Automatic;
				DEVELOPMENT_TEAM = UMUY72KH99;
				INFOPLIST_FILE = SendSmsDemoTests/Info.plist;
				LD_RUNPATH_SEARCH_PATHS = (
					"$(inherited)",
					"@executable_path/Frameworks",
					"@loader_path/Frameworks",
				);
				PRODUCT_BUNDLE_IDENTIFIER = www.inkswipe.com.SendSmsDemoTests;
				PRODUCT_NAME = "$(TARGET_NAME)";
				SWIFT_VERSION = 4.0;
				TARGETED_DEVICE_FAMILY = "1,2";
				TEST_HOST = "$(BUILT_PRODUCTS_DIR)/SendSmsDemo.app/SendSmsDemo";
			};
			name = Debug;
		};
		1A49FEFB20AECDEE001ECE7F /* Release */ = {
			isa = XCBuildConfiguration;
			buildSettings = {
				ALWAYS_EMBED_SWIFT_STANDARD_LIBRARIES = YES;
				BUNDLE_LOADER = "$(TEST_HOST)";
				CODE_SIGN_STYLE = Automatic;
				DEVELOPMENT_TEAM = UMUY72KH99;
				INFOPLIST_FILE = SendSmsDemoTests/Info.plist;
				LD_RUNPATH_SEARCH_PATHS = (
					"$(inherited)",
					"@executable_path/Frameworks",
					"@loader_path/Frameworks",
				);
				PRODUCT_BUNDLE_IDENTIFIER = www.inkswipe.com.SendSmsDemoTests;
				PRODUCT_NAME = "$(TARGET_NAME)";
				SWIFT_VERSION = 4.0;
				TARGETED_DEVICE_FAMILY = "1,2";
				TEST_HOST = "$(BUILT_PRODUCTS_DIR)/SendSmsDemo.app/SendSmsDemo";
			};
			name = Release;
		};
		1A49FEFD20AECDEE001ECE7F /* Debug */ = {
			isa = XCBuildConfiguration;
			buildSettings = {
				ALWAYS_EMBED_SWIFT_STANDARD_LIBRARIES = YES;
				CODE_SIGN_STYLE = Automatic;
				DEVELOPMENT_TEAM = UMUY72KH99;
				INFOPLIST_FILE = SendSmsDemoUITests/Info.plist;
				LD_RUNPATH_SEARCH_PATHS = (
					"$(inherited)",
					"@executable_path/Frameworks",
					"@loader_path/Frameworks",
				);
				PRODUCT_BUNDLE_IDENTIFIER = www.inkswipe.com.SendSmsDemoUITests;
				PRODUCT_NAME = "$(TARGET_NAME)";
				SWIFT_VERSION = 4.0;
				TARGETED_DEVICE_FAMILY = "1,2";
				TEST_TARGET_NAME = SendSmsDemo;
			};
			name = Debug;
		};
		1A49FEFE20AECDEE001ECE7F /* Release */ = {
			isa = XCBuildConfiguration;
			buildSettings = {
				ALWAYS_EMBED_SWIFT_STANDARD_LIBRARIES = YES;
				CODE_SIGN_STYLE = Automatic;
				DEVELOPMENT_TEAM = UMUY72KH99;
				INFOPLIST_FILE = SendSmsDemoUITests/Info.plist;
				LD_RUNPATH_SEARCH_PATHS = (
					"$(inherited)",
					"@executable_path/Frameworks",
					"@loader_path/Frameworks",
				);
				PRODUCT_BUNDLE_IDENTIFIER = www.inkswipe.com.SendSmsDemoUITests;
				PRODUCT_NAME = "$(TARGET_NAME)";
				SWIFT_VERSION = 4.0;
				TARGETED_DEVICE_FAMILY = "1,2";
				TEST_TARGET_NAME = SendSmsDemo;
			};
			name = Release;
		};
/* End XCBuildConfiguration section */

/* Begin XCConfigurationList section */
		1A49FEC620AECDED001ECE7F /* Build configuration list for PBXProject "SendSmsDemo" */ = {
			isa = XCConfigurationList;
			buildConfigurations = (
				1A49FEF420AECDEE001ECE7F /* Debug */,
				1A49FEF520AECDEE001ECE7F /* Release */,
			);
			defaultConfigurationIsVisible = 0;
			defaultConfigurationName = Release;
		};
		1A49FEF620AECDEE001ECE7F /* Build configuration list for PBXNativeTarget "SendSmsDemo" */ = {
			isa = XCConfigurationList;
			buildConfigurations = (
				1A49FEF720AECDEE001ECE7F /* Debug */,
				1A49FEF820AECDEE001ECE7F /* Release */,
			);
			defaultConfigurationIsVisible = 0;
			defaultConfigurationName = Release;
		};
		1A49FEF920AECDEE001ECE7F /* Build configuration list for PBXNativeTarget "SendSmsDemoTests" */ = {
			isa = XCConfigurationList;
			buildConfigurations = (
				1A49FEFA20AECDEE001ECE7F /* Debug */,
				1A49FEFB20AECDEE001ECE7F /* Release */,
			);
			defaultConfigurationIsVisible = 0;
			defaultConfigurationName = Release;
		};
		1A49FEFC20AECDEE001ECE7F /* Build configuration list for PBXNativeTarget "SendSmsDemoUITests" */ = {
			isa = XCConfigurationList;
			buildConfigurations = (
				1A49FEFD20AECDEE001ECE7F /* Debug */,
				1A49FEFE20AECDEE001ECE7F /* Release */,
			);
			defaultConfigurationIsVisible = 0;
			defaultConfigurationName = Release;
		};
/* End XCConfigurationList section */

/* Begin XCVersionGroup section */
		1A49FED520AECDED001ECE7F /* SendSmsDemo.xcdatamodeld */ = {
			isa = XCVersionGroup;
			children = (
				1A49FED620AECDED001ECE7F /* SendSmsDemo.xcdatamodel */,
			);
			currentVersion = 1A49FED620AECDED001ECE7F /* SendSmsDemo.xcdatamodel */;
			path = SendSmsDemo.xcdatamodeld;
			sourceTree = "<group>";
			versionGroupType = wrapper.xcdatamodel;
		};
/* End XCVersionGroup section */
	};
	rootObject = 1A49FEC320AECDED001ECE7F /* Project object */;
}
